# This file is automatically @generated by Cargo.
# It is not intended for manual editing.
version = 3

[[package]]
name = "c2rust_out"
version = "0.0.0"
dependencies = [
 "gnu-readline-sys",
 "libc",
]

[[package]]
name = "gnu-readline-sys"
version = "0.1.0"
source = "registry+https://github.com/rust-lang/crates.io-index"
checksum = "4477b7f2da615c4cf3d3b9048ed46aee30ab2359a3fd2b3edf9af7bebe24d280"
dependencies = [
 "libc",
]

[[package]]
name = "libc"
version = "0.2.161"
source = "registry+https://github.com/rust-lang/crates.io-index"
checksum = "8e9489c2807c139ffd9c1794f4af0ebe86a828db53ecdc7fea2111d0fed085d1"
