# This file is automatically @generated by Cargo.
# It is not intended for manual editing.
version = 4

[[package]]
name = "gnu-readline-sys"
version = "0.1.0"
source = "registry+https://github.com/rust-lang/crates.io-index"
checksum = "4477b7f2da615c4cf3d3b9048ed46aee30ab2359a3fd2b3edf9af7bebe24d280"
dependencies = [
 "libc",
]

[[package]]
name = "libc"
version = "0.2.161"
source = "registry+https://github.com/rust-lang/crates.io-index"
checksum = "8e9489c2807c139ffd9c1794f4af0ebe86a828db53ecdc7fea2111d0fed085d1"

[[package]]
name = "libft_rs"
version = "0.0.0"
source = "git+https://github.com/Jonstep101010/libft-rs?branch=main#ce73a114a9a1b8af96dd96d8f438d8a3ff2fa2bf"
dependencies = [
 "libc",
]

[[package]]
name = "libftprintf_rs"
version = "0.0.0"
source = "git+https://github.com/Jonstep101010/libftprintf-rs?branch=main#1a6232542eee8080b1bd2c21de123d7a34267927"
dependencies = [
 "libc",
]

[[package]]
name = "libgnl_rs"
version = "0.0.0"
source = "git+https://github.com/Jonstep101010/libgnl-rs?branch=main#bb9a846a78947562f29e3594ee2d92de12d4eb36"
dependencies = [
 "libc",
 "libft_rs",
]

[[package]]
name = "libutils_rs"
version = "0.0.0"
source = "git+https://github.com/Jonstep101010/libutils-rs?branch=main#ccc0cb2566ef01796d99d666df76597f1789ad9a"
dependencies = [
 "libc",
 "libft_rs",
]

[[package]]
name = "minishell-rs"
version = "0.0.0"
dependencies = [
 "gnu-readline-sys",
 "libc",
 "libft_rs",
 "libftprintf_rs",
 "libgnl_rs",
 "libutils_rs",
]
